Microsoft Visual Studio Solution File, Format Version 12.00
# Visual Studio 2012
Project("{FAE04EC0-301F-11D3-BF4B-00C04F79EFBC}") = "Arpg", "Arpg.csproj", "{299F36F3-1750-4125-8828-08F36A2771DD}"
EndProject
Global
	GlobalSection(SolutionConfigurationPlatforms) = preSolution
	Debug|Any CPU = Debug|Any CPU
	ExportDebug|Any CPU = ExportDebug|Any CPU
	ExportRelease|Any CPU = ExportRelease|Any CPU
	EndGlobalSection
	GlobalSection(ProjectConfigurationPlatforms) = postSolution
		{299F36F3-1750-4125-8828-08F36A2771DD}.Debug|Any CPU.ActiveCfg = Debug|Any CPU
		{299F36F3-1750-4125-8828-08F36A2771DD}.Debug|Any CPU.Build.0 = Debug|Any CPU
		{299F36F3-1750-4125-8828-08F36A2771DD}.ExportDebug|Any CPU.ActiveCfg = ExportDebug|Any CPU
		{299F36F3-1750-4125-8828-08F36A2771DD}.ExportDebug|Any CPU.Build.0 = ExportDebug|Any CPU
		{299F36F3-1750-4125-8828-08F36A2771DD}.ExportRelease|Any CPU.ActiveCfg = ExportRelease|Any CPU
		{299F36F3-1750-4125-8828-08F36A2771DD}.ExportRelease|Any CPU.Build.0 = ExportRelease|Any CPU
	EndGlobalSection
EndGlobal
